
Microsoft Visual Studio Solution File, Format Version 12.00
# Visual Studio Version 17
VisualStudioVersion = 17.14.36915.13 d17.14
MinimumVisualStudioVersion = 10.0.40219.1
Project("{FAE04EC0-301F-11D3-BF4B-00C04F79EFBC}") = "MenuGreenApi", "MenuGreenApi\MenuGreenApi.csproj", "{C2E1E5A5-98DB-40CD-A2AD-3F55D8728C65}"
EndProject
Global
	GlobalSection(SolutionConfigurationPlatforms) = preSolution
		Debug|Any CPU = Debug|Any CPU
		Release|Any CPU = Release|Any CPU
	EndGlobalSection
	GlobalSection(ProjectConfigurationPlatforms) = postSolution
		{C2E1E5A5-98DB-40CD-A2AD-3F55D8728C65}.Debug|Any CPU.ActiveCfg = Debug|Any CPU
		{C2E1E5A5-98DB-40CD-A2AD-3F55D8728C65}.Debug|Any CPU.Build.0 = Debug|Any CPU
		{C2E1E5A5-98DB-40CD-A2AD-3F55D8728C65}.Release|Any CPU.ActiveCfg = Release|Any CPU
		{C2E1E5A5-98DB-40CD-A2AD-3F55D8728C65}.Release|Any CPU.Build.0 = Release|Any CPU
	EndGlobalSection
	GlobalSection(SolutionProperties) = preSolution
		HideSolutionNode = FALSE
	EndGlobalSection
	GlobalSection(ExtensibilityGlobals) = postSolution
		SolutionGuid = {75EB13F4-D1AD-4460-A6D9-713BC8D5B18C}
	EndGlobalSection
EndGlobal
